
Microsoft Visual Studio Solution File, Format Version 12.00
# Visual Studio Version 17
VisualStudioVersion = 17.0.32014.148
MinimumVisualStudioVersion = 10.0.40219.1
Project("{FAE04EC0-301F-11D3-BF4B-00C04F79EFBC}") = "testpipeline", "testpipeline\testpipeline.csproj", "{65AA7643-1B7E-4C8B-A53F-B838D96E5EEF}"
EndProject
Global
	GlobalSection(SolutionConfigurationPlatforms) = preSolution
		Debug|Any CPU = Debug|Any CPU
		Release|Any CPU = Release|Any CPU
	EndGlobalSection
	GlobalSection(ProjectConfigurationPlatforms) = postSolution
		{65AA7643-1B7E-4C8B-A53F-B838D96E5EEF}.Debug|Any CPU.ActiveCfg = Debug|Any CPU
		{65AA7643-1B7E-4C8B-A53F-B838D96E5EEF}.Debug|Any CPU.Build.0 = Debug|Any CPU
		{65AA7643-1B7E-4C8B-A53F-B838D96E5EEF}.Release|Any CPU.ActiveCfg = Release|Any CPU
		{65AA7643-1B7E-4C8B-A53F-B838D96E5EEF}.Release|Any CPU.Build.0 = Release|Any CPU
	EndGlobalSection
	GlobalSection(SolutionProperties) = preSolution
		HideSolutionNode = FALSE
	EndGlobalSection
	GlobalSection(ExtensibilityGlobals) = postSolution
		SolutionGuid = {B6346BEB-C779-46E8-8282-9B853F5B9796}
	EndGlobalSection
EndGlobal
